// !$*UTF8*$!
{
	archiveVersion = 1;
	classes = {
	};
	objectVersion = 46;
	objects = {

/* Begin PBXBuildFile section */
		0E4502251F21D3E1005C7B6C /* main.m in Sources */ = {isa = PBXBuildFile; fileRef = 0E4502241F21D3E1005C7B6C /* main.m */; };
		0E4502281F21D3E1005C7B6C /* AppDelegate.m in Sources */ = {isa = PBXBuildFile; fileRef = 0E4502271F21D3E1005C7B6C /* AppDelegate.m */; };
		0E45022B1F21D3E1005C7B6C /* ViewController.m in Sources */ = {isa = PBXBuildFile; fileRef = 0E45022A1F21D3E1005C7B6C /* ViewController.m */; };
		0E4502311F21D3E1005C7B6C /* MyFistGithubProject.xcdatamodeld in Sources */ = {isa = PBXBuildFile; fileRef = 0E45022F1F21D3E1005C7B6C /* MyFistGithubProject.xcdatamodeld */; };
		0E4502331F21D3E1005C7B6C /* Assets.xcassets in Resources */ = {isa = PBXBuildFile; fileRef = 0E4502321F21D3E1005C7B6C /* Assets.xcassets */; };
		0E4502361F21D3E1005C7B6C /* LaunchScreen.storyboard in Resources */ = {isa = PBXBuildFile; fileRef = 0E4502341F21D3E1005C7B6C /* LaunchScreen.storyboard */; };
		0E4502411F21D3E1005C7B6C /* MyFistGithubProjectTests.m in Sources */ = {isa = PBXBuildFile; fileRef = 0E4502401F21D3E1005C7B6C /* MyFistGithubProjectTests.m */; };
		0E45024C1F21D3E1005C7B6C /* MyFistGithubProjectUITests.m in Sources */ = {isa = PBXBuildFile; fileRef = 0E45024B1F21D3E1005C7B6C /* MyFistGithubProjectUITests.m */; };
		0E45025D1F21D445005C7B6C /* CustomView.m in Sources */ = {isa = PBXBuildFile; fileRef = 0E45025A1F21D445005C7B6C /* CustomView.m */; };
		0E45025E1F21D445005C7B6C /* CustomView+test.m in Sources */ = {isa = PBXBuildFile; fileRef = 0E45025C1F21D445005C7B6C /* CustomView+test.m */; };
		2719F581C47A44DB8719E7AE /* libPods-MyFistGithubProjectUITests.a in Frameworks */ = {isa = PBXBuildFile; fileRef = E3C0D543A9E1E81A05CF556D /* libPods-MyFistGithubProjectUITests.a */; };
		4D9288BA57A1EAFB5BE7D0FB /* libPods-MyFistGithubProject.a in Frameworks */ = {isa = PBXBuildFile; fileRef = 7CBD9BD87065612CACD2728D /* libPods-MyFistGithubProject.a */; };
		752250091F5E771000BC4A1C /* FirstPageViewController.m in Sources */ = {isa = PBXBuildFile; fileRef = 752250081F5E771000BC4A1C /* FirstPageViewController.m */; };
		7522500C1F5E7F3C00BC4A1C /* Main.storyboard in Resources */ = {isa = PBXBuildFile; fileRef = 7522500A1F5E7F3C00BC4A1C /* Main.storyboard */; };
		FD004FEAE915471E5422D6B9 /* libPods-MyFistGithubProjectTests.a in Frameworks */ = {isa = PBXBuildFile; fileRef = 3340295963BDC0BE6BD038B8 /* libPods-MyFistGithubProjectTests.a */; };
/* End PBXBuildFile section */

/* Begin PBXContainerItemProxy section */
		0E45023D1F21D3E1005C7B6C /* PBXContainerItemProxy */ = {
			isa = PBXContainerItemProxy;
			containerPortal = 0E4502181F21D3E1005C7B6C /* Project object */;
			proxyType = 1;
			remoteGlobalIDString = 0E45021F1F21D3E1005C7B6C;
			remoteInfo = MyFistGithubProject;
		};
		0E4502481F21D3E1005C7B6C /* PBXContainerItemProxy */ = {
			isa = PBXContainerItemProxy;
			containerPortal = 0E4502181F21D3E1005C7B6C /* Project object */;
			proxyType = 1;
			remoteGlobalIDString = 0E45021F1F21D3E1005C7B6C;
			remoteInfo = MyFistGithubProject;
		};
/* End PBXContainerItemProxy section */

/* Begin PBXFileReference section */
		0E4502201F21D3E1005C7B6C /* MyFistGithubProject.app */ = {isa = PBXFileReference; explicitFileType = wrapper.application; includeInIndex = 0; path = MyFistGithubProject.app; sourceTree = BUILT_PRODUCTS_DIR; };
		0E4502241F21D3E1005C7B6C /* main.m */ = {isa = PBXFileReference; lastKnownFileType = sourcecode.c.objc; path = main.m; sourceTree = "<group>"; };
		0E4502261F21D3E1005C7B6C /* AppDelegate.h */ = {isa = PBXFileReference; lastKnownFileType = sourcecode.c.h; path = AppDelegate.h; sourceTree = "<group>"; };
		0E4502271F21D3E1005C7B6C /* AppDelegate.m */ = {isa = PBXFileReference; lastKnownFileType = sourcecode.c.objc; path = AppDelegate.m; sourceTree = "<group>"; };
		0E4502291F21D3E1005C7B6C /* ViewController.h */ = {isa = PBXFileReference; lastKnownFileType = sourcecode.c.h; path = ViewController.h; sourceTree = "<group>"; };
		0E45022A1F21D3E1005C7B6C /* ViewController.m */ = {isa = PBXFileReference; lastKnownFileType = sourcecode.c.objc; path = ViewController.m; sourceTree = "<group>"; };
		0E4502301F21D3E1005C7B6C /* MyFistGithubProject.xcdatamodel */ = {isa = PBXFileReference; lastKnownFileType = wrapper.xcdatamodel; path = MyFistGithubProject.xcdatamodel; sourceTree = "<group>"; };
		0E4502321F21D3E1005C7B6C /* Assets.xcassets */ = {isa = PBXFileReference; lastKnownFileType = folder.assetcatalog; path = Assets.xcassets; sourceTree = "<group>"; };
		0E4502351F21D3E1005C7B6C /* Base */ = {isa = PBXFileReference; lastKnownFileType = file.storyboard; name = Base; path = Base.lproj/LaunchScreen.storyboard; sourceTree = "<group>"; };
		0E4502371F21D3E1005C7B6C /* Info.plist */ = {isa = PBXFileReference; lastKnownFileType = text.plist.xml; path = Info.plist; sourceTree = "<group>"; };
		0E45023C1F21D3E1005C7B6C /* MyFistGithubProjectTests.xctest */ = {isa = PBXFileReference; explicitFileType = wrapper.cfbundle; includeInIndex = 0; path = MyFistGithubProjectTests.xctest; sourceTree = BUILT_PRODUCTS_DIR; };
		0E4502401F21D3E1005C7B6C /* MyFistGithubProjectTests.m */ = {isa = PBXFileReference; lastKnownFileType = sourcecode.c.objc; path = MyFistGithubProjectTests.m; sourceTree = "<group>"; };
		0E4502421F21D3E1005C7B6C /* Info.plist */ = {isa = PBXFileReference; lastKnownFileType = text.plist.xml; path = Info.plist; sourceTree = "<group>"; };
		0E4502471F21D3E1005C7B6C /* MyFistGithubProjectUITests.xctest */ = {isa = PBXFileReference; explicitFileType = wrapper.cfbundle; includeInIndex = 0; path = MyFistGithubProjectUITests.xctest; sourceTree = BUILT_PRODUCTS_DIR; };
		0E45024B1F21D3E1005C7B6C /* MyFistGithubProjectUITests.m */ = {isa = PBXFileReference; lastKnownFileType = sourcecode.c.objc; path = MyFistGithubProjectUITests.m; sourceTree = "<group>"; };
		0E45024D1F21D3E1005C7B6C /* Info.plist */ = {isa = PBXFileReference; lastKnownFileType = text.plist.xml; path = Info.plist; sourceTree = "<group>"; };
		0E4502591F21D445005C7B6C /* CustomView.h */ = {isa = PBXFileReference; fileEncoding = 4; lastKnownFileType = sourcecode.c.h; path = CustomView.h; sourceTree = "<group>"; };
		0E45025A1F21D445005C7B6C /* CustomView.m */ = {isa = PBXFileReference; fileEncoding = 4; lastKnownFileType = sourcecode.c.objc; path = CustomView.m; sourceTree = "<group>"; };
		0E45025B1F21D445005C7B6C /* CustomView+test.h */ = {isa = PBXFileReference; fileEncoding = 4; lastKnownFileType = sourcecode.c.h; path = "CustomView+test.h"; sourceTree = "<group>"; };
		0E45025C1F21D445005C7B6C /* CustomView+test.m */ = {isa = PBXFileReference; fileEncoding = 4; lastKnownFileType = sourcecode.c.objc; path = "CustomView+test.m"; sourceTree = "<group>"; };
		0ED7B8F4296F41B129E3029D /* Pods-MyFistGithubProjectUITests.debug.xcconfig */ = {isa = PBXFileReference; includeInIndex = 1; lastKnownFileType = text.xcconfig; name = "Pods-MyFistGithubProjectUITests.debug.xcconfig"; path = "Pods/Target Support Files/Pods-MyFistGithubProjectUITests/Pods-MyFistGithubProjectUITests.debug.xcconfig"; sourceTree = "<group>"; };
		21D5B84DED8D1C7ECD45585C /* Pods-MyFistGithubProjectTests.release.xcconfig */ = {isa = PBXFileReference; includeInIndex = 1; lastKnownFileType = text.xcconfig; name = "Pods-MyFistGithubProjectTests.release.xcconfig"; path = "Pods/Target Support Files/Pods-MyFistGithubProjectTests/Pods-MyFistGithubProjectTests.release.xcconfig"; sourceTree = "<group>"; };
		3340295963BDC0BE6BD038B8 /* libPods-MyFistGithubProjectTests.a */ = {isa = PBXFileReference; explicitFileType = archive.ar; includeInIndex = 0; path = "libPods-MyFistGithubProjectTests.a"; sourceTree = BUILT_PRODUCTS_DIR; };
		6117E92EBA980042B2C4EE39 /* Pods-MyFistGithubProjectTests.debug.xcconfig */ = {isa = PBXFileReference; includeInIndex = 1; lastKnownFileType = text.xcconfig; name = "Pods-MyFistGithubProjectTests.debug.xcconfig"; path = "Pods/Target Support Files/Pods-MyFistGithubProjectTests/Pods-MyFistGithubProjectTests.debug.xcconfig"; sourceTree = "<group>"; };
		752250071F5E771000BC4A1C /* FirstPageViewController.h */ = {isa = PBXFileReference; fileEncoding = 4; lastKnownFileType = sourcecode.c.h; path = FirstPageViewController.h; sourceTree = "<group>"; };
		752250081F5E771000BC4A1C /* FirstPageViewController.m */ = {isa = PBXFileReference; fileEncoding = 4; lastKnownFileType = sourcecode.c.objc; path = FirstPageViewController.m; sourceTree = "<group>"; };
		7522500B1F5E7F3C00BC4A1C /* Base */ = {isa = PBXFileReference; lastKnownFileType = file.storyboard; name = Base; path = Base.lproj/Main.storyboard; sourceTree = "<group>"; };
		7CBD9BD87065612CACD2728D /* libPods-MyFistGithubProject.a */ = {isa = PBXFileReference; explicitFileType = archive.ar; includeInIndex = 0; path = "libPods-MyFistGithubProject.a"; sourceTree = BUILT_PRODUCTS_DIR; };
		A7153CBB2DBE62C9E8F3412B /* Pods-MyFistGithubProjectUITests.release.xcconfig */ = {isa = PBXFileReference; includeInIndex = 1; lastKnownFileType = text.xcconfig; name = "Pods-MyFistGithubProjectUITests.release.xcconfig"; path = "Pods/Target Support Files/Pods-MyFistGithubProjectUITests/Pods-MyFistGithubProjectUITests.release.xcconfig"; sourceTree = "<group>"; };
		B89EAAD86C89381F4E0132D5 /* Pods-MyFistGithubProject.debug.xcconfig */ = {isa = PBXFileReference; includeInIndex = 1; lastKnownFileType = text.xcconfig; name = "Pods-MyFistGithubProject.debug.xcconfig"; path = "Pods/Target Support Files/Pods-MyFistGithubProject/Pods-MyFistGithubProject.debug.xcconfig"; sourceTree = "<group>"; };
		D61F497FC0F966B59A55E120 /* Pods-MyFistGithubProject.release.xcconfig */ = {isa = PBXFileReference; includeInIndex = 1; lastKnownFileType = text.xcconfig; name = "Pods-MyFistGithubProject.release.xcconfig"; path = "Pods/Target Support Files/Pods-MyFistGithubProject/Pods-MyFistGithubProject.release.xcconfig"; sourceTree = "<group>"; };
		E3C0D543A9E1E81A05CF556D /* libPods-MyFistGithubProjectUITests.a */ = {isa = PBXFileReference; explicitFileType = archive.ar; includeInIndex = 0; path = "libPods-MyFistGithubProjectUITests.a"; sourceTree = BUILT_PRODUCTS_DIR; };
/* End PBXFileReference section */

/* Begin PBXFrameworksBuildPhase section */
		0E45021D1F21D3E1005C7B6C /* Frameworks */ = {
			isa = PBXFrameworksBuildPhase;
			buildActionMask = 2147483647;
			files = (
				4D9288BA57A1EAFB5BE7D0FB /* libPods-MyFistGithubProject.a in Frameworks */,
			);
			runOnlyForDeploymentPostprocessing = 0;
		};
		0E4502391F21D3E1005C7B6C /* Frameworks */ = {
			isa = PBXFrameworksBuildPhase;
			buildActionMask = 2147483647;
			files = (
				FD004FEAE915471E5422D6B9 /* libPods-MyFistGithubProjectTests.a in Frameworks */,
			);
			runOnlyForDeploymentPostprocessing = 0;
		};
		0E4502441F21D3E1005C7B6C /* Frameworks */ = {
			isa = PBXFrameworksBuildPhase;
			buildActionMask = 2147483647;
			files = (
				2719F581C47A44DB8719E7AE /* libPods-MyFistGithubProjectUITests.a in Frameworks */,
			);
			runOnlyForDeploymentPostprocessing = 0;
		};
/* End PBXFrameworksBuildPhase section */

/* Begin PBXGroup section */
		0CD90BD479F0C210CF6686D6 /* Frameworks */ = {
			isa = PBXGroup;
			children = (
				7CBD9BD87065612CACD2728D /* libPods-MyFistGithubProject.a */,
				3340295963BDC0BE6BD038B8 /* libPods-MyFistGithubProjectTests.a */,
				E3C0D543A9E1E81A05CF556D /* libPods-MyFistGithubProjectUITests.a */,
			);
			name = Frameworks;
			sourceTree = "<group>";
		};
		0E4502171F21D3E1005C7B6C = {
			isa = PBXGroup;
			children = (
				0E4502221F21D3E1005C7B6C /* MyFistGithubProject */,
				0E45023F1F21D3E1005C7B6C /* MyFistGithubProjectTests */,
				0E45024A1F21D3E1005C7B6C /* MyFistGithubProjectUITests */,
				0E4502211F21D3E1005C7B6C /* Products */,
				BDA9147E3B0B5934FC7C3F62 /* Pods */,
				0CD90BD479F0C210CF6686D6 /* Frameworks */,
			);
			sourceTree = "<group>";
		};
		0E4502211F21D3E1005C7B6C /* Products */ = {
			isa = PBXGroup;
			children = (
				0E4502201F21D3E1005C7B6C /* MyFistGithubProject.app */,
				0E45023C1F21D3E1005C7B6C /* MyFistGithubProjectTests.xctest */,
				0E4502471F21D3E1005C7B6C /* MyFistGithubProjectUITests.xctest */,
			);
			name = Products;
			sourceTree = "<group>";
		};
		0E4502221F21D3E1005C7B6C /* MyFistGithubProject */ = {
			isa = PBXGroup;
			children = (
				7522500A1F5E7F3C00BC4A1C /* Main.storyboard */,
				0E4502261F21D3E1005C7B6C /* AppDelegate.h */,
				0E4502271F21D3E1005C7B6C /* AppDelegate.m */,
				0E4502291F21D3E1005C7B6C /* ViewController.h */,
				0E45022A1F21D3E1005C7B6C /* ViewController.m */,
				752250071F5E771000BC4A1C /* FirstPageViewController.h */,
				752250081F5E771000BC4A1C /* FirstPageViewController.m */,
				0E4502591F21D445005C7B6C /* CustomView.h */,
				0E45025A1F21D445005C7B6C /* CustomView.m */,
				0E45025B1F21D445005C7B6C /* CustomView+test.h */,
				0E45025C1F21D445005C7B6C /* CustomView+test.m */,
				0E4502321F21D3E1005C7B6C /* Assets.xcassets */,
				0E4502341F21D3E1005C7B6C /* LaunchScreen.storyboard */,
				0E4502371F21D3E1005C7B6C /* Info.plist */,
				0E45022F1F21D3E1005C7B6C /* MyFistGithubProject.xcdatamodeld */,
				0E4502231F21D3E1005C7B6C /* Supporting Files */,
			);
			path = MyFistGithubProject;
			sourceTree = "<group>";
		};
		0E4502231F21D3E1005C7B6C /* Supporting Files */ = {
			isa = PBXGroup;
			children = (
				0E4502241F21D3E1005C7B6C /* main.m */,
			);
			name = "Supporting Files";
			sourceTree = "<group>";
		};
		0E45023F1F21D3E1005C7B6C /* MyFistGithubProjectTests */ = {
			isa = PBXGroup;
			children = (
				0E4502401F21D3E1005C7B6C /* MyFistGithubProjectTests.m */,
				0E4502421F21D3E1005C7B6C /* Info.plist */,
			);
			path = MyFistGithubProjectTests;
			sourceTree = "<group>";
		};
		0E45024A1F21D3E1005C7B6C /* MyFistGithubProjectUITests */ = {
			isa = PBXGroup;
			children = (
				0E45024B1F21D3E1005C7B6C /* MyFistGithubProjectUITests.m */,
				0E45024D1F21D3E1005C7B6C /* Info.plist */,
			);
			path = MyFistGithubProjectUITests;
			sourceTree = "<group>";
		};
		BDA9147E3B0B5934FC7C3F62 /* Pods */ = {
			isa = PBXGroup;
			children = (
				B89EAAD86C89381F4E0132D5 /* Pods-MyFistGithubProject.debug.xcconfig */,
				D61F497FC0F966B59A55E120 /* Pods-MyFistGithubProject.release.xcconfig */,
				6117E92EBA980042B2C4EE39 /* Pods-MyFistGithubProjectTests.debug.xcconfig */,
				21D5B84DED8D1C7ECD45585C /* Pods-MyFistGithubProjectTests.release.xcconfig */,
				0ED7B8F4296F41B129E3029D /* Pods-MyFistGithubProjectUITests.debug.xcconfig */,
				A7153CBB2DBE62C9E8F3412B /* Pods-MyFistGithubProjectUITests.release.xcconfig */,
			);
			name = Pods;
			sourceTree = "<group>";
		};
/* End PBXGroup section */

/* Begin PBXNativeTarget section */
		0E45021F1F21D3E1005C7B6C /* MyFistGithubProject */ = {
			isa = PBXNativeTarget;
			buildConfigurationList = 0E4502501F21D3E1005C7B6C /* Build configuration list for PBXNativeTarget "MyFistGithubProject" */;
			buildPhases = (
				A2307F8EA550E2041BDB3BA9 /* [CP] Check Pods Manifest.lock */,
				0E45021C1F21D3E1005C7B6C /* Sources */,
				0E45021D1F21D3E1005C7B6C /* Frameworks */,
				0E45021E1F21D3E1005C7B6C /* Resources */,
				F1D741D9A3BD09DEF9F57108 /* [CP] Embed Pods Frameworks */,
				4D5274D244C1D2F4D4692654 /* [CP] Copy Pods Resources */,
			);
			buildRules = (
			);
			dependencies = (
			);
			name = MyFistGithubProject;
			productName = MyFistGithubProject;
			productReference = 0E4502201F21D3E1005C7B6C /* MyFistGithubProject.app */;
			productType = "com.apple.product-type.application";
		};
		0E45023B1F21D3E1005C7B6C /* MyFistGithubProjectTests */ = {
			isa = PBXNativeTarget;
			buildConfigurationList = 0E4502531F21D3E1005C7B6C /* Build configuration list for PBXNativeTarget "MyFistGithubProjectTests" */;
			buildPhases = (
				61EE7EC3933315CE9E442E26 /* [CP] Check Pods Manifest.lock */,
				0E4502381F21D3E1005C7B6C /* Sources */,
				0E4502391F21D3E1005C7B6C /* Frameworks */,
				0E45023A1F21D3E1005C7B6C /* Resources */,
				AFE31E641C1F21224468FB19 /* [CP] Embed Pods Frameworks */,
				946E4AD0A7D8DBECC6954CEF /* [CP] Copy Pods Resources */,
			);
			buildRules = (
			);
			dependencies = (
				0E45023E1F21D3E1005C7B6C /* PBXTargetDependency */,
			);
			name = MyFistGithubProjectTests;
			productName = MyFistGithubProjectTests;
			productReference = 0E45023C1F21D3E1005C7B6C /* MyFistGithubProjectTests.xctest */;
			productType = "com.apple.product-type.bundle.unit-test";
		};
		0E4502461F21D3E1005C7B6C /* MyFistGithubProjectUITests */ = {
			isa = PBXNativeTarget;
			buildConfigurationList = 0E4502561F21D3E1005C7B6C /* Build configuration list for PBXNativeTarget "MyFistGithubProjectUITests" */;
			buildPhases = (
				0266E2F49B3EBF97F974A876 /* [CP] Check Pods Manifest.lock */,
				0E4502431F21D3E1005C7B6C /* Sources */,
				0E4502441F21D3E1005C7B6C /* Frameworks */,
				0E4502451F21D3E1005C7B6C /* Resources */,
				F3421DB128D6CECDE5D61551 /* [CP] Embed Pods Frameworks */,
				4F6F3D9E18020DAF9D11BEC0 /* [CP] Copy Pods Resources */,
			);
			buildRules = (
			);
			dependencies = (
				0E4502491F21D3E1005C7B6C /* PBXTargetDependency */,
			);
			name = MyFistGithubProjectUITests;
			productName = MyFistGithubProjectUITests;
			productReference = 0E4502471F21D3E1005C7B6C /* MyFistGithubProjectUITests.xctest */;
			productType = "com.apple.product-type.bundle.ui-testing";
		};
/* End PBXNativeTarget section */

/* Begin PBXProject section */
		0E4502181F21D3E1005C7B6C /* Project object */ = {
			isa = PBXProject;
			attributes = {
				LastUpgradeCheck = 0820;
				ORGANIZATIONNAME = zyf;
				TargetAttributes = {
					0E45021F1F21D3E1005C7B6C = {
						CreatedOnToolsVersion = 8.2.1;
						ProvisioningStyle = Automatic;
					};
					0E45023B1F21D3E1005C7B6C = {
						CreatedOnToolsVersion = 8.2.1;
						ProvisioningStyle = Automatic;
						TestTargetID = 0E45021F1F21D3E1005C7B6C;
					};
					0E4502461F21D3E1005C7B6C = {
						CreatedOnToolsVersion = 8.2.1;
						ProvisioningStyle = Automatic;
						TestTargetID = 0E45021F1F21D3E1005C7B6C;
					};
				};
			};
			buildConfigurationList = 0E45021B1F21D3E1005C7B6C /* Build configuration list for PBXProject "MyFistGithubProject" */;
			compatibilityVersion = "Xcode 3.2";
			developmentRegion = English;
			hasScannedForEncodings = 0;
			knownRegions = (
				en,
				Base,
			);
			mainGroup = 0E4502171F21D3E1005C7B6C;
			productRefGroup = 0E4502211F21D3E1005C7B6C /* Products */;
			projectDirPath = "";
			projectRoot = "";
			targets = (
				0E45021F1F21D3E1005C7B6C /* MyFistGithubProject */,
				0E45023B1F21D3E1005C7B6C /* MyFistGithubProjectTests */,
				0E4502461F21D3E1005C7B6C /* MyFistGithubProjectUITests */,
			);
		};
/* End PBXProject section */

/* Begin PBXResourcesBuildPhase section */
		0E45021E1F21D3E1005C7B6C /* Resources */ = {
			isa = PBXResourcesBuildPhase;
			buildActionMask = 2147483647;
			files = (
				7522500C1F5E7F3C00BC4A1C /* Main.storyboard in Resources */,
				0E4502361F21D3E1005C7B6C /* LaunchScreen.storyboard in Resources */,
				0E4502331F21D3E1005C7B6C /* Assets.xcassets in Resources */,
			);
			runOnlyForDeploymentPostprocessing = 0;
		};
		0E45023A1F21D3E1005C7B6C /* Resources */ = {
			isa = PBXResourcesBuildPhase;
			buildActionMask = 2147483647;
			files = (
			);
			runOnlyForDeploymentPostprocessing = 0;
		};
		0E4502451F21D3E1005C7B6C /* Resources */ = {
			isa = PBXResourcesBuildPhase;
			buildActionMask = 2147483647;
			files = (
			);
			runOnlyForDeploymentPostprocessing = 0;
		};
/* End PBXResourcesBuildPhase section */

/* Begin PBXShellScriptBuildPhase section */
		0266E2F49B3EBF97F974A876 /* [CP] Check Pods Manifest.lock */ = {
			isa = PBXShellScriptBuildPhase;
			buildActionMask = 2147483647;
			files = (
			);
			inputPaths = (
				"${PODS_PODFILE_DIR_PATH}/Podfile.lock",
				"${PODS_ROOT}/Manifest.lock",
			);
			name = "[CP] Check Pods Manifest.lock";
			outputPaths = (
				"$(DERIVED_FILE_DIR)/Pods-MyFistGithubProjectUITests-checkManifestLockResult.txt",
			);
			runOnlyForDeploymentPostprocessing = 0;
			shellPath = /bin/sh;
			shellScript = "diff \"${PODS_PODFILE_DIR_PATH}/Podfile.lock\" \"${PODS_ROOT}/Manifest.lock\" > /dev/null\nif [ $? != 0 ] ; then\n    # print error to STDERR\n    echo \"error: The sandbox is not in sync with the Podfile.lock. Run 'pod install' or update your CocoaPods installation.\" >&2\n    exit 1\nfi\n# This output is used by Xcode 'outputs' to avoid re-running this script phase.\necho \"SUCCESS\" > \"${SCRIPT_OUTPUT_FILE_0}\"\n";
			showEnvVarsInLog = 0;
		};
		4D5274D244C1D2F4D4692654 /* [CP] Copy Pods Resources */ = {
			isa = PBXShellScriptBuildPhase;
			buildActionMask = 2147483647;
			files = (
			);
			inputPaths = (
			);
			name = "[CP] Copy Pods Resources";
			outputPaths = (
			);
			runOnlyForDeploymentPostprocessing = 0;
			shellPath = /bin/sh;
			shellScript = "\"${SRCROOT}/Pods/Target Support Files/Pods-MyFistGithubProject/Pods-MyFistGithubProject-resources.sh\"\n";
			showEnvVarsInLog = 0;
		};
		4F6F3D9E18020DAF9D11BEC0 /* [CP] Copy Pods Resources */ = {
			isa = PBXShellScriptBuildPhase;
			buildActionMask = 2147483647;
			files = (
			);
			inputPaths = (
			);
			name = "[CP] Copy Pods Resources";
			outputPaths = (
			);
			runOnlyForDeploymentPostprocessing = 0;
			shellPath = /bin/sh;
			shellScript = "\"${SRCROOT}/Pods/Target Support Files/Pods-MyFistGithubProjectUITests/Pods-MyFistGithubProjectUITests-resources.sh\"\n";
			showEnvVarsInLog = 0;
		};
		61EE7EC3933315CE9E442E26 /* [CP] Check Pods Manifest.lock */ = {
			isa = PBXShellScriptBuildPhase;
			buildActionMask = 2147483647;
			files = (
			);
			inputPaths = (
				"${PODS_PODFILE_DIR_PATH}/Podfile.lock",
				"${PODS_ROOT}/Manifest.lock",
			);
			name = "[CP] Check Pods Manifest.lock";
			outputPaths = (
				"$(DERIVED_FILE_DIR)/Pods-MyFistGithubProjectTests-checkManifestLockResult.txt",
			);
			runOnlyForDeploymentPostprocessing = 0;
			shellPath = /bin/sh;
			shellScript = "diff \"${PODS_PODFILE_DIR_PATH}/Podfile.lock\" \"${PODS_ROOT}/Manifest.lock\" > /dev/null\nif [ $? != 0 ] ; then\n    # print error to STDERR\n    echo \"error: The sandbox is not in sync with the Podfile.lock. Run 'pod install' or update your CocoaPods installation.\" >&2\n    exit 1\nfi\n# This output is used by Xcode 'outputs' to avoid re-running this script phase.\necho \"SUCCESS\" > \"${SCRIPT_OUTPUT_FILE_0}\"\n";
			showEnvVarsInLog = 0;
		};
		946E4AD0A7D8DBECC6954CEF /* [CP] Copy Pods Resources */ = {
			isa = PBXShellScriptBuildPhase;
			buildActionMask = 2147483647;
			files = (
			);
			inputPaths = (
			);
			name = "[CP] Copy Pods Resources";
			outputPaths = (
			);
			runOnlyForDeploymentPostprocessing = 0;
			shellPath = /bin/sh;
			shellScript = "\"${SRCROOT}/Pods/Target Support Files/Pods-MyFistGithubProjectTests/Pods-MyFistGithubProjectTests-resources.sh\"\n";
			showEnvVarsInLog = 0;
		};
		A2307F8EA550E2041BDB3BA9 /* [CP] Check Pods Manifest.lock */ = {
			isa = PBXShellScriptBuildPhase;
			buildActionMask = 2147483647;
			files = (
			);
			inputPaths = (
				"${PODS_PODFILE_DIR_PATH}/Podfile.lock",
				"${PODS_ROOT}/Manifest.lock",
			);
			name = "[CP] Check Pods Manifest.lock";
			outputPaths = (
				"$(DERIVED_FILE_DIR)/Pods-MyFistGithubProject-checkManifestLockResult.txt",
			);
			runOnlyForDeploymentPostprocessing = 0;
			shellPath = /bin/sh;
			shellScript = "diff \"${PODS_PODFILE_DIR_PATH}/Podfile.lock\" \"${PODS_ROOT}/Manifest.lock\" > /dev/null\nif [ $? != 0 ] ; then\n    # print error to STDERR\n    echo \"error: The sandbox is not in sync with the Podfile.lock. Run 'pod install' or update your CocoaPods installation.\" >&2\n    exit 1\nfi\n# This output is used by Xcode 'outputs' to avoid re-running this script phase.\necho \"SUCCESS\" > \"${SCRIPT_OUTPUT_FILE_0}\"\n";
			showEnvVarsInLog = 0;
		};
		AFE31E641C1F21224468FB19 /* [CP] Embed Pods Frameworks */ = {
			isa = PBXShellScriptBuildPhase;
			buildActionMask = 2147483647;
			files = (
			);
			inputPaths = (
			);
			name = "[CP] Embed Pods Frameworks";
			outputPaths = (
			);
			runOnlyForDeploymentPostprocessing = 0;
			shellPath = /bin/sh;
			shellScript = "\"${SRCROOT}/Pods/Target Support Files/Pods-MyFistGithubProjectTests/Pods-MyFistGithubProjectTests-frameworks.sh\"\n";
			showEnvVarsInLog = 0;
		};
		F1D741D9A3BD09DEF9F57108 /* [CP] Embed Pods Frameworks */ = {
			isa = PBXShellScriptBuildPhase;
			buildActionMask = 2147483647;
			files = (
			);
			inputPaths = (
			);
			name = "[CP] Embed Pods Frameworks";
			outputPaths = (
			);
			runOnlyForDeploymentPostprocessing = 0;
			shellPath = /bin/sh;
			shellScript = "\"${SRCROOT}/Pods/Target Support Files/Pods-MyFistGithubProject/Pods-MyFistGithubProject-frameworks.sh\"\n";
			showEnvVarsInLog = 0;
		};
		F3421DB128D6CECDE5D61551 /* [CP] Embed Pods Frameworks */ = {
			isa = PBXShellScriptBuildPhase;
			buildActionMask = 2147483647;
			files = (
			);
			inputPaths = (
			);
			name = "[CP] Embed Pods Frameworks";
			outputPaths = (
			);
			runOnlyForDeploymentPostprocessing = 0;
			shellPath = /bin/sh;
			shellScript = "\"${SRCROOT}/Pods/Target Support Files/Pods-MyFistGithubProjectUITests/Pods-MyFistGithubProjectUITests-frameworks.sh\"\n";
			showEnvVarsInLog = 0;
		};
/* End PBXShellScriptBuildPhase section */

/* Begin PBXSourcesBuildPhase section */
		0E45021C1F21D3E1005C7B6C /* Sources */ = {
			isa = PBXSourcesBuildPhase;
			buildActionMask = 2147483647;
			files = (
				0E45025D1F21D445005C7B6C /* CustomView.m in Sources */,
				0E4502311F21D3E1005C7B6C /* MyFistGithubProject.xcdatamodeld in Sources */,
				0E45022B1F21D3E1005C7B6C /* ViewController.m in Sources */,
				0E4502281F21D3E1005C7B6C /* AppDelegate.m in Sources */,
				752250091F5E771000BC4A1C /* FirstPageViewController.m in Sources */,
				0E4502251F21D3E1005C7B6C /* main.m in Sources */,
				0E45025E1F21D445005C7B6C /* CustomView+test.m in Sources */,
			);
			runOnlyForDeploymentPostprocessing = 0;
		};
		0E4502381F21D3E1005C7B6C /* Sources */ = {
			isa = PBXSourcesBuildPhase;
			buildActionMask = 2147483647;
			files = (
				0E4502411F21D3E1005C7B6C /* MyFistGithubProjectTests.m in Sources */,
			);
			runOnlyForDeploymentPostprocessing = 0;
		};
		0E4502431F21D3E1005C7B6C /* Sources */ = {
			isa = PBXSourcesBuildPhase;
			buildActionMask = 2147483647;
			files = (
				0E45024C1F21D3E1005C7B6C /* MyFistGithubProjectUITests.m in Sources */,
			);
			runOnlyForDeploymentPostprocessing = 0;
		};
/* End PBXSourcesBuildPhase section */

/* Begin PBXTargetDependency section */
		0E45023E1F21D3E1005C7B6C /* PBXTargetDependency */ = {
			isa = PBXTargetDependency;
			target = 0E45021F1F21D3E1005C7B6C /* MyFistGithubProject */;
			targetProxy = 0E45023D1F21D3E1005C7B6C /* PBXContainerItemProxy */;
		};
		0E4502491F21D3E1005C7B6C /* PBXTargetDependency */ = {
			isa = PBXTargetDependency;
			target = 0E45021F1F21D3E1005C7B6C /* MyFistGithubProject */;
			targetProxy = 0E4502481F21D3E1005C7B6C /* PBXContainerItemProxy */;
		};
/* End PBXTargetDependency section */

/* Begin PBXVariantGroup section */
		0E4502341F21D3E1005C7B6C /* LaunchScreen.storyboard */ = {
			isa = PBXVariantGroup;
			children = (
				0E4502351F21D3E1005C7B6C /* Base */,
			);
			name = LaunchScreen.storyboard;
			sourceTree = "<group>";
		};
		7522500A1F5E7F3C00BC4A1C /* Main.storyboard */ = {
			isa = PBXVariantGroup;
			children = (
				7522500B1F5E7F3C00BC4A1C /* Base */,
			);
			name = Main.storyboard;
			sourceTree = "<group>";
		};
/* End PBXVariantGroup section */

/* Begin XCBuildConfiguration section */
		0E45024E1F21D3E1005C7B6C /* Debug */ = {
			isa = XCBuildConfiguration;
			buildSettings = {
				ALWAYS_SEARCH_USER_PATHS = NO;
				CLANG_ANALYZER_NONNULL = YES;
				CLANG_CXX_LANGUAGE_STANDARD = "gnu++0x";
				CLANG_CXX_LIBRARY = "libc++";
				CLANG_ENABLE_MODULES = YES;
				CLANG_ENABLE_OBJC_ARC = YES;
				CLANG_WARN_BOOL_CONVERSION = YES;
				CLANG_WARN_CONSTANT_CONVERSION = YES;
				CLANG_WARN_DIRECT_OBJC_ISA_USAGE = YES_ERROR;
				CLANG_WARN_DOCUMENTATION_COMMENTS = YES;
				CLANG_WARN_EMPTY_BODY = YES;
				CLANG_WARN_ENUM_CONVERSION = YES;
				CLANG_WARN_INFINITE_RECURSION = YES;
				CLANG_WARN_INT_CONVERSION = YES;
				CLANG_WARN_OBJC_ROOT_CLASS = YES_ERROR;
				CLANG_WARN_SUSPICIOUS_MOVE = YES;
				CLANG_WARN_UNREACHABLE_CODE = YES;
				CLANG_WARN__DUPLICATE_METHOD_MATCH = YES;
				"CODE_SIGN_IDENTITY[sdk=iphoneos*]" = "iPhone Developer";
				COPY_PHASE_STRIP = NO;
				DEBUG_INFORMATION_FORMAT = dwarf;
				ENABLE_STRICT_OBJC_MSGSEND = YES;
				ENABLE_TESTABILITY = YES;
				GCC_C_LANGUAGE_STANDARD = gnu99;
				GCC_DYNAMIC_NO_PIC = NO;
				GCC_NO_COMMON_BLOCKS = YES;
				GCC_OPTIMIZATION_LEVEL = 0;
				GCC_PREPROCESSOR_DEFINITIONS = (
					"DEBUG=1",
					"$(inherited)",
				);
				GCC_WARN_64_TO_32_BIT_CONVERSION = YES;
				GCC_WARN_ABOUT_RETURN_TYPE = YES_ERROR;
				GCC_WARN_UNDECLARED_SELECTOR = YES;
				GCC_WARN_UNINITIALIZED_AUTOS = YES_AGGRESSIVE;
				GCC_WARN_UNUSED_FUNCTION = YES;
				GCC_WARN_UNUSED_VARIABLE = YES;
				IPHONEOS_DEPLOYMENT_TARGET = 10.2;
				MTL_ENABLE_DEBUG_INFO = YES;
				ONLY_ACTIVE_ARCH = YES;
				SDKROOT = iphoneos;
			};
			name = Debug;
		};
		0E45024F1F21D3E1005C7B6C /* Release */ = {
			isa = XCBuildConfiguration;
			buildSettings = {
				ALWAYS_SEARCH_USER_PATHS = NO;
				CLANG_ANALYZER_NONNULL = YES;
				CLANG_CXX_LANGUAGE_STANDARD = "gnu++0x";
				CLANG_CXX_LIBRARY = "libc++";
				CLANG_ENABLE_MODULES = YES;
				CLANG_ENABLE_OBJC_ARC = YES;
				CLANG_WARN_BOOL_CONVERSION = YES;
				CLANG_WARN_CONSTANT_CONVERSION = YES;
				CLANG_WARN_DIRECT_OBJC_ISA_USAGE = YES_ERROR;
				CLANG_WARN_DOCUMENTATION_COMMENTS = YES;
				CLANG_WARN_EMPTY_BODY = YES;
				CLANG_WARN_ENUM_CONVERSION = YES;
				CLANG_WARN_INFINITE_RECURSION = YES;
				CLANG_WARN_INT_CONVERSION = YES;
				CLANG_WARN_OBJC_ROOT_CLASS = YES_ERROR;
				CLANG_WARN_SUSPICIOUS_MOVE = YES;
				CLANG_WARN_UNREACHABLE_CODE = YES;
				CLANG_WARN__DUPLICATE_METHOD_MATCH = YES;
				"CODE_SIGN_IDENTITY[sdk=iphoneos*]" = "iPhone Developer";
				COPY_PHASE_STRIP = NO;
				DEBUG_INFORMATION_FORMAT = "dwarf-with-dsym";
				ENABLE_NS_ASSERTIONS = NO;
				ENABLE_STRICT_OBJC_MSGSEND = YES;
				GCC_C_LANGUAGE_STANDARD = gnu99;
				GCC_NO_COMMON_BLOCKS = YES;
				GCC_WARN_64_TO_32_BIT_CONVERSION = YES;
				GCC_WARN_ABOUT_RETURN_TYPE = YES_ERROR;
				GCC_WARN_UNDECLARED_SELECTOR = YES;
				GCC_WARN_UNINITIALIZED_AUTOS = YES_AGGRESSIVE;
				GCC_WARN_UNUSED_FUNCTION = YES;
				GCC_WARN_UNUSED_VARIABLE = YES;
				IPHONEOS_DEPLOYMENT_TARGET = 10.2;
				MTL_ENABLE_DEBUG_INFO = NO;
				SDKROOT = iphoneos;
				VALIDATE_PRODUCT = YES;
			};
			name = Release;
		};
		0E4502511F21D3E1005C7B6C /* Debug */ = {
			isa = XCBuildConfiguration;
			baseConfigurationReference = B89EAAD86C89381F4E0132D5 /* Pods-MyFistGithubProject.debug.xcconfig */;
			buildSettings = {
				ASSETCATALOG_COMPILER_APPICON_NAME = AppIcon;
				INFOPLIST_FILE = MyFistGithubProject/Info.plist;
				LD_RUNPATH_SEARCH_PATHS = "$(inherited) @executable_path/Frameworks";
				PRODUCT_BUNDLE_IDENTIFIER = com.zyf.MyFistGithubProject;
				PRODUCT_NAME = "$(TARGET_NAME)";
			};
			name = Debug;
		};
		0E4502521F21D3E1005C7B6C /* Release */ = {
			isa = XCBuildConfiguration;
			baseConfigurationReference = D61F497FC0F966B59A55E120 /* Pods-MyFistGithubProject.release.xcconfig */;
			buildSettings = {
				ASSETCATALOG_COMPILER_APPICON_NAME = AppIcon;
				INFOPLIST_FILE = MyFistGithubProject/Info.plist;
				LD_RUNPATH_SEARCH_PATHS = "$(inherited) @executable_path/Frameworks";
				PRODUCT_BUNDLE_IDENTIFIER = com.zyf.MyFistGithubProject;
				PRODUCT_NAME = "$(TARGET_NAME)";
			};
			name = Release;
		};
		0E4502541F21D3E1005C7B6C /* Debug */ = {
			isa = XCBuildConfiguration;
			baseConfigurationReference = 6117E92EBA980042B2C4EE39 /* Pods-MyFistGithubProjectTests.debug.xcconfig */;
			buildSettings = {
				BUNDLE_LOADER = "$(TEST_HOST)";
				INFOPLIST_FILE = MyFistGithubProjectTests/Info.plist;
				LD_RUNPATH_SEARCH_PATHS = "$(inherited) @executable_path/Frameworks @loader_path/Frameworks";
				PRODUCT_BUNDLE_IDENTIFIER = com.zyf.MyFistGithubProjectTests;
				PRODUCT_NAME = "$(TARGET_NAME)";
				TEST_HOST = "$(BUILT_PRODUCTS_DIR)/MyFistGithubProject.app/MyFistGithubProject";
			};
			name = Debug;
		};
		0E4502551F21D3E1005C7B6C /* Release */ = {
			isa = XCBuildConfiguration;
			baseConfigurationReference = 21D5B84DED8D1C7ECD45585C /* Pods-MyFistGithubProjectTests.release.xcconfig */;
			buildSettings = {
				BUNDLE_LOADER = "$(TEST_HOST)";
				INFOPLIST_FILE = MyFistGithubProjectTests/Info.plist;
				LD_RUNPATH_SEARCH_PATHS = "$(inherited) @executable_path/Frameworks @loader_path/Frameworks";
				PRODUCT_BUNDLE_IDENTIFIER = com.zyf.MyFistGithubProjectTests;
				PRODUCT_NAME = "$(TARGET_NAME)";
				TEST_HOST = "$(BUILT_PRODUCTS_DIR)/MyFistGithubProject.app/MyFistGithubProject";
			};
			name = Release;
		};
		0E4502571F21D3E1005C7B6C /* Debug */ = {
			isa = XCBuildConfiguration;
			baseConfigurationReference = 0ED7B8F4296F41B129E3029D /* Pods-MyFistGithubProjectUITests.debug.xcconfig */;
			buildSettings = {
				INFOPLIST_FILE = MyFistGithubProjectUITests/Info.plist;
				LD_RUNPATH_SEARCH_PATHS = "$(inherited) @executable_path/Frameworks @loader_path/Frameworks";
				PRODUCT_BUNDLE_IDENTIFIER = com.zyf.MyFistGithubProjectUITests;
				PRODUCT_NAME = "$(TARGET_NAME)";
				TEST_TARGET_NAME = MyFistGithubProject;
			};
			name = Debug;
		};
		0E4502581F21D3E1005C7B6C /* Release */ = {
			isa = XCBuildConfiguration;
			baseConfigurationReference = A7153CBB2DBE62C9E8F3412B /* Pods-MyFistGithubProjectUITests.release.xcconfig */;
			buildSettings = {
				INFOPLIST_FILE = MyFistGithubProjectUITests/Info.plist;
				LD_RUNPATH_SEARCH_PATHS = "$(inherited) @executable_path/Frameworks @loader_path/Frameworks";
				PRODUCT_BUNDLE_IDENTIFIER = com.zyf.MyFistGithubProjectUITests;
				PRODUCT_NAME = "$(TARGET_NAME)";
				TEST_TARGET_NAME = MyFistGithubProject;
			};
			name = Release;
		};
/* End XCBuildConfiguration section */

/* Begin XCConfigurationList section */
		0E45021B1F21D3E1005C7B6C /* Build configuration list for PBXProject "MyFistGithubProject" */ = {
			isa = XCConfigurationList;
			buildConfigurations = (
				0E45024E1F21D3E1005C7B6C /* Debug */,
				0E45024F1F21D3E1005C7B6C /* Release */,
			);
			defaultConfigurationIsVisible = 0;
			defaultConfigurationName = Release;
		};
		0E4502501F21D3E1005C7B6C /* Build configuration list for PBXNativeTarget "MyFistGithubProject" */ = {
			isa = XCConfigurationList;
			buildConfigurations = (
				0E4502511F21D3E1005C7B6C /* Debug */,
				0E4502521F21D3E1005C7B6C /* Release */,
			);
			defaultConfigurationIsVisible = 0;
			defaultConfigurationName = Release;
		};
		0E4502531F21D3E1005C7B6C /* Build configuration list for PBXNativeTarget "MyFistGithubProjectTests" */ = {
			isa = XCConfigurationList;
			buildConfigurations = (
				0E4502541F21D3E1005C7B6C /* Debug */,
				0E4502551F21D3E1005C7B6C /* Release */,
			);
			defaultConfigurationIsVisible = 0;
			defaultConfigurationName = Release;
		};
		0E4502561F21D3E1005C7B6C /* Build configuration list for PBXNativeTarget "MyFistGithubProjectUITests" */ = {
			isa = XCConfigurationList;
			buildConfigurations = (
				0E4502571F21D3E1005C7B6C /* Debug */,
				0E4502581F21D3E1005C7B6C /* Release */,
			);
			defaultConfigurationIsVisible = 0;
			defaultConfigurationName = Release;
		};
/* End XCConfigurationList section */

/* Begin XCVersionGroup section */
		0E45022F1F21D3E1005C7B6C /* MyFistGithubProject.xcdatamodeld */ = {
			isa = XCVersionGroup;
			children = (
				0E4502301F21D3E1005C7B6C /* MyFistGithubProject.xcdatamodel */,
			);
			currentVersion = 0E4502301F21D3E1005C7B6C /* MyFistGithubProject.xcdatamodel */;
			path = MyFistGithubProject.xcdatamodeld;
			sourceTree = "<group>";
			versionGroupType = wrapper.xcdatamodel;
		};
/* End XCVersionGroup section */
	};
	rootObject = 0E4502181F21D3E1005C7B6C /* Project object */;
}
